{
    "name": "web-creator",
    "lockfileVersion": 3,
    "requires": true,
    "packages": {
        "": {
            "name": "web-creator",
            "workspaces": [
                "packages/*"
            ]
        },
        "node_modules/@web-creator/api": {
            "resolved": "packages/api",
            "link": true
        },
        "node_modules/@web-creator/frontend": {
            "resolved": "packages/frontend",
            "link": true
        },
        "packages/api": {
            "name": "@web-creator/api",
            "version": "1.0.0",
            "license": "ISC"
        },
        "packages/frontend": {
            "name": "@web-creator/frontend",
            "version": "1.0.0",
            "license": "ISC",
            "dependencies": {
                "@web-creator/api": "1.0.0"
            }
        }
    }
}
